
Microsoft Visual Studio Solution File, Format Version 12.00
# Visual Studio Version 16
VisualStudioVersion = 16.0.30804.86
MinimumVisualStudioVersion = 10.0.40219.1
Project("{FAE04EC0-301F-11D3-BF4B-00C04F79EFBC}") = "CreateExcel", "CreateExcel.csproj", "{310F0EE7-3703-4FE3-88A9-97F21E76DBDA}"
EndProject
Global
	GlobalSection(SolutionConfigurationPlatforms) = preSolution
		Debug|Any CPU = Debug|Any CPU
		Release|Any CPU = Release|Any CPU
	EndGlobalSection
	GlobalSection(ProjectConfigurationPlatforms) = postSolution
		{310F0EE7-3703-4FE3-88A9-97F21E76DBDA}.Debug|Any CPU.ActiveCfg = Debug|Any CPU
		{310F0EE7-3703-4FE3-88A9-97F21E76DBDA}.Debug|Any CPU.Build.0 = Debug|Any CPU
		{310F0EE7-3703-4FE3-88A9-97F21E76DBDA}.Release|Any CPU.ActiveCfg = Release|Any CPU
		{310F0EE7-3703-4FE3-88A9-97F21E76DBDA}.Release|Any CPU.Build.0 = Release|Any CPU
	EndGlobalSection
	GlobalSection(SolutionProperties) = preSolution
		HideSolutionNode = FALSE
	EndGlobalSection
	GlobalSection(ExtensibilityGlobals) = postSolution
		SolutionGuid = {A3B7827B-FEEE-45C9-BA3E-0992987DCFEA}
	EndGlobalSection
EndGlobal
